
Microsoft Visual Studio Solution File, Format Version 12.00
# Visual Studio Version 17
VisualStudioVersion = 17.7.34009.444
MinimumVisualStudioVersion = 10.0.40219.1
Project("{2150E333-8FDC-42A3-9474-1A3956D46DE8}") = "00 Common", "00 Common", "{ACC440C1-38A0-4C8A-83DD-29199D9F94D2}"
EndProject
Project("{2150E333-8FDC-42A3-9474-1A3956D46DE8}") = "01 Domain", "01 Domain", "{C221F542-AF4A-4523-8523-B9A86A3DC43C}"
EndProject
Project("{9A19103F-16F7-4668-BE54-9A1E7A4F7556}") = "MKDIR.Domain", "MKDIR.Domain\MKDIR.Domain.csproj", "{7CA6A75F-E1C2-4215-93F9-090306A8AE69}"
EndProject
Project("{2150E333-8FDC-42A3-9474-1A3956D46DE8}") = "02 Infrastructure", "02 Infrastructure", "{C55F2337-0C69-46F9-9458-E13767486390}"
EndProject
Project("{9A19103F-16F7-4668-BE54-9A1E7A4F7556}") = "MKDIR.Infrastructure", "MKDIR.Infrastructure\MKDIR.Infrastructure.csproj", "{DA118960-D839-41E0-861A-9F44A346D619}"
EndProject
Project("{2150E333-8FDC-42A3-9474-1A3956D46DE8}") = "03 Service", "03 Service", "{8BDB8680-721D-4CA7-A23D-BA103F94D0E1}"
EndProject
Project("{9A19103F-16F7-4668-BE54-9A1E7A4F7556}") = "MKDIR.Service", "MKDIR.Service\MKDIR.Service.csproj", "{6DCAD590-E71A-45D3-BDEA-AF4EA76B614E}"
EndProject
Project("{2150E333-8FDC-42A3-9474-1A3956D46DE8}") = "04 IoC", "04 IoC", "{7EF9AFAD-523B-4E07-B094-258B59A8A16E}"
EndProject
Project("{9A19103F-16F7-4668-BE54-9A1E7A4F7556}") = "MKDIR.IoC", "MKDIR.IoC\MKDIR.IoC.csproj", "{C082C298-4E3D-4A47-A91D-62116A78965A}"
EndProject
Project("{9A19103F-16F7-4668-BE54-9A1E7A4F7556}") = "Common", "Common\Common.csproj", "{16B9D20B-262E-427B-B55E-D844210D052F}"
EndProject
Project("{2150E333-8FDC-42A3-9474-1A3956D46DE8}") = "05 WebApi", "05 WebApi", "{CCA8CE50-0B77-4C43-B9E7-CA6C3E088AD0}"
EndProject
Project("{9A19103F-16F7-4668-BE54-9A1E7A4F7556}") = "MKDIR.WebApi", "MKDIR.WebApi\MKDIR.WebApi.csproj", "{D3CF02DA-D889-4E06-8FD4-81491CF640D4}"
EndProject
Project("{2150E333-8FDC-42A3-9474-1A3956D46DE8}") = "06 ServiceFE", "06 ServiceFE", "{3F6407C4-709A-4080-AC3D-CC9AF7CB1B58}"
EndProject
Project("{9A19103F-16F7-4668-BE54-9A1E7A4F7556}") = "MKDIR.ServiceFE", "MKDIR.ServiceFE\MKDIR.ServiceFE.csproj", "{784D95E9-0382-4AE2-9A58-C000F58A2400}"
EndProject
Project("{2150E333-8FDC-42A3-9474-1A3956D46DE8}") = "07 WebApp", "07 WebApp", "{8A03762A-1A9F-4DB9-974E-914BD3329BDB}"
EndProject
Project("{9A19103F-16F7-4668-BE54-9A1E7A4F7556}") = "MKDIR.WebApp", "MKDIR.WebApp\MKDIR.WebApp.csproj", "{E4A26BDB-A007-49F3-8244-89D6C040BBC9}"
EndProject
Global
	GlobalSection(SolutionConfigurationPlatforms) = preSolution
		Debug|Any CPU = Debug|Any CPU
		Release|Any CPU = Release|Any CPU
	EndGlobalSection
	GlobalSection(ProjectConfigurationPlatforms) = postSolution
		{7CA6A75F-E1C2-4215-93F9-090306A8AE69}.Debug|Any CPU.ActiveCfg = Debug|Any CPU
		{7CA6A75F-E1C2-4215-93F9-090306A8AE69}.Debug|Any CPU.Build.0 = Debug|Any CPU
		{7CA6A75F-E1C2-4215-93F9-090306A8AE69}.Release|Any CPU.ActiveCfg = Release|Any CPU
		{7CA6A75F-E1C2-4215-93F9-090306A8AE69}.Release|Any CPU.Build.0 = Release|Any CPU
		{DA118960-D839-41E0-861A-9F44A346D619}.Debug|Any CPU.ActiveCfg = Debug|Any CPU
		{DA118960-D839-41E0-861A-9F44A346D619}.Debug|Any CPU.Build.0 = Debug|Any CPU
		{DA118960-D839-41E0-861A-9F44A346D619}.Release|Any CPU.ActiveCfg = Release|Any CPU
		{DA118960-D839-41E0-861A-9F44A346D619}.Release|Any CPU.Build.0 = Release|Any CPU
		{6DCAD590-E71A-45D3-BDEA-AF4EA76B614E}.Debug|Any CPU.ActiveCfg = Debug|Any CPU
		{6DCAD590-E71A-45D3-BDEA-AF4EA76B614E}.Debug|Any CPU.Build.0 = Debug|Any CPU
		{6DCAD590-E71A-45D3-BDEA-AF4EA76B614E}.Release|Any CPU.ActiveCfg = Release|Any CPU
		{6DCAD590-E71A-45D3-BDEA-AF4EA76B614E}.Release|Any CPU.Build.0 = Release|Any CPU
		{C082C298-4E3D-4A47-A91D-62116A78965A}.Debug|Any CPU.ActiveCfg = Debug|Any CPU
		{C082C298-4E3D-4A47-A91D-62116A78965A}.Debug|Any CPU.Build.0 = Debug|Any CPU
		{C082C298-4E3D-4A47-A91D-62116A78965A}.Release|Any CPU.ActiveCfg = Release|Any CPU
		{C082C298-4E3D-4A47-A91D-62116A78965A}.Release|Any CPU.Build.0 = Release|Any CPU
		{16B9D20B-262E-427B-B55E-D844210D052F}.Debug|Any CPU.ActiveCfg = Debug|Any CPU
		{16B9D20B-262E-427B-B55E-D844210D052F}.Debug|Any CPU.Build.0 = Debug|Any CPU
		{16B9D20B-262E-427B-B55E-D844210D052F}.Release|Any CPU.ActiveCfg = Release|Any CPU
		{16B9D20B-262E-427B-B55E-D844210D052F}.Release|Any CPU.Build.0 = Release|Any CPU
		{D3CF02DA-D889-4E06-8FD4-81491CF640D4}.Debug|Any CPU.ActiveCfg = Debug|Any CPU
		{D3CF02DA-D889-4E06-8FD4-81491CF640D4}.Debug|Any CPU.Build.0 = Debug|Any CPU
		{D3CF02DA-D889-4E06-8FD4-81491CF640D4}.Release|Any CPU.ActiveCfg = Release|Any CPU
		{D3CF02DA-D889-4E06-8FD4-81491CF640D4}.Release|Any CPU.Build.0 = Release|Any CPU
		{784D95E9-0382-4AE2-9A58-C000F58A2400}.Debug|Any CPU.ActiveCfg = Debug|Any CPU
		{784D95E9-0382-4AE2-9A58-C000F58A2400}.Debug|Any CPU.Build.0 = Debug|Any CPU
		{784D95E9-0382-4AE2-9A58-C000F58A2400}.Release|Any CPU.ActiveCfg = Release|Any CPU
		{784D95E9-0382-4AE2-9A58-C000F58A2400}.Release|Any CPU.Build.0 = Release|Any CPU
		{E4A26BDB-A007-49F3-8244-89D6C040BBC9}.Debug|Any CPU.ActiveCfg = Debug|Any CPU
		{E4A26BDB-A007-49F3-8244-89D6C040BBC9}.Debug|Any CPU.Build.0 = Debug|Any CPU
		{E4A26BDB-A007-49F3-8244-89D6C040BBC9}.Release|Any CPU.ActiveCfg = Release|Any CPU
		{E4A26BDB-A007-49F3-8244-89D6C040BBC9}.Release|Any CPU.Build.0 = Release|Any CPU
	EndGlobalSection
	GlobalSection(SolutionProperties) = preSolution
		HideSolutionNode = FALSE
	EndGlobalSection
	GlobalSection(NestedProjects) = preSolution
		{7CA6A75F-E1C2-4215-93F9-090306A8AE69} = {C221F542-AF4A-4523-8523-B9A86A3DC43C}
		{DA118960-D839-41E0-861A-9F44A346D619} = {C55F2337-0C69-46F9-9458-E13767486390}
		{6DCAD590-E71A-45D3-BDEA-AF4EA76B614E} = {8BDB8680-721D-4CA7-A23D-BA103F94D0E1}
		{C082C298-4E3D-4A47-A91D-62116A78965A} = {7EF9AFAD-523B-4E07-B094-258B59A8A16E}
		{16B9D20B-262E-427B-B55E-D844210D052F} = {ACC440C1-38A0-4C8A-83DD-29199D9F94D2}
		{D3CF02DA-D889-4E06-8FD4-81491CF640D4} = {CCA8CE50-0B77-4C43-B9E7-CA6C3E088AD0}
		{784D95E9-0382-4AE2-9A58-C000F58A2400} = {3F6407C4-709A-4080-AC3D-CC9AF7CB1B58}
		{E4A26BDB-A007-49F3-8244-89D6C040BBC9} = {8A03762A-1A9F-4DB9-974E-914BD3329BDB}
	EndGlobalSection
	GlobalSection(ExtensibilityGlobals) = postSolution
		SolutionGuid = {DBA41A80-3981-4D32-8E07-E59893781D97}
	EndGlobalSection
EndGlobal
